{
  "name": "runward",
  "version": "0.30.0",
  "lockfileVersion": 3,
  "requires": true,
  "packages": {
    "": {
      "name": "runward",
      "version": "0.30.0",
      "license": "MIT",
      "dependencies": {
        "@inquirer/prompts": "^8.5.2",
        "chalk": "^5.6.0",
        "commander": "^15.0.0"
      },
      "bin": {
        "runward": "dist/cli.js"
      },
      "devDependencies": {
        "@types/node": "^26.1.1",
        "ajv": "^8.20.0",
        "ajv-formats": "^3.0.1",
        "js-yaml": "^5.2.1",
        "typescript": "^5.5.0"
      },
      "engines": {
        "node": ">=22.12.0"
      }
    },
    "node_modules/@inquirer/ansi": {
      "version": "2.0.7",
      "resolved": "https://registry.npmjs.org/@inquirer/ansi/-/ansi-2.0.7.tgz",
      "integrity": "sha512-3eTuUO1vH2cZm2ZKHeQxnOqlTi9EfZDGgIe3BL3I4u+rJHocr9Fz86M4fjYABPvFnQG/gGK551HqDiIcETwU6Q==",
      "license": "MIT",
      "engines": {
        "node": ">=23.5.0 || ^22.13.0 || ^20.17.0"
      }
    },
    "node_modules/@inquirer/checkbox": {
      "version": "5.2.1",
      "resolved": "https://registry.npmjs.org/@inquirer/checkbox/-/checkbox-5.2.1.tgz",
      "integrity": "sha512-b6xmA/VlTe0ZgDQHDui+Nav470u7u49nRd8/iuhOcQPO9Ch7lGuogydhi2VOmNlZ+zXcM8IcPuNSwQcdJaF/kw==",
      "license": "MIT",
      "dependencies": {
        "@inquirer/ansi": "^2.0.7",
        "@inquirer/core": "^11.2.1",
        "@inquirer/figures": "^2.0.7",
        "@inquirer/type": "^4.0.7"
      },
      "engines": {
        "node": ">=23.5.0 || ^22.13.0 || ^20.17.0"
      },
      "peerDependencies": {
        "@types/node": ">=18"
      },
      "peerDependenciesMeta": {
        "@types/node": {
          "optional": true
        }
      }
    },
    "node_modules/@inquirer/confirm": {
      "version": "6.1.1",
      "resolved": "https://registry.npmjs.org/@inquirer/confirm/-/confirm-6.1.1.tgz",
      "integrity": "sha512-eb8DBZcz/2qHWQda4rk2JiQk5h9QV/cVHi1yjt0f69WFZMRFn0sJTye3EAP8icut8UDMjQPsaH5KbcOogefrFQ==",
      "license": "MIT",
      "dependencies": {
        "@inquirer/core": "^11.2.1",
        "@inquirer/type": "^4.0.7"
      },
      "engines": {
        "node": ">=23.5.0 || ^22.13.0 || ^20.17.0"
      },
      "peerDependencies": {
        "@types/node": ">=18"
      },
      "peerDependenciesMeta": {
        "@types/node": {
          "optional": true
        }
      }
    },
    "node_modules/@inquirer/core": {
      "version": "11.2.1",
      "resolved": "https://registry.npmjs.org/@inquirer/core/-/core-11.2.1.tgz",
      "integrity": "sha512-Qd6GJT1yVyrZZCfN8W2qKF5ApmqryXRhRKCuip8h01x2w/esJQ2XIYc6f9abMIHgKQdBfFTSOdbHRLAhuM09UA==",
      "license": "MIT",
      "dependencies": {
        "@inquirer/ansi": "^2.0.7",
        "@inquirer/figures": "^2.0.7",
        "@inquirer/type": "^4.0.7",
        "cli-width": "^4.1.0",
        "fast-wrap-ansi": "^0.2.0",
        "mute-stream": "^3.0.0",
        "signal-exit": "^4.1.0"
      },
      "engines": {
        "node": ">=23.5.0 || ^22.13.0 || ^20.17.0"
      },
      "peerDependencies": {
        "@types/node": ">=18"
      },
      "peerDependenciesMeta": {
        "@types/node": {
          "optional": true
        }
      }
    },
    "node_modules/@inquirer/editor": {
      "version": "5.2.2",
      "resolved": "https://registry.npmjs.org/@inquirer/editor/-/editor-5.2.2.tgz",
      "integrity": "sha512-ZRVd/oD+sYsUd5zVm0NflqEzlqfYCyHNsqkHl2oWXEUHs12tCbcSFi+wVFEvD8+LGRaMUsVrE7qeo6lSG/S1Vg==",
      "license": "MIT",
      "dependencies": {
        "@inquirer/core": "^11.2.1",
        "@inquirer/external-editor": "^3.0.3",
        "@inquirer/type": "^4.0.7"
      },
      "engines": {
        "node": ">=23.5.0 || ^22.13.0 || ^20.17.0"
      },
      "peerDependencies": {
        "@types/node": ">=18"
      },
      "peerDependenciesMeta": {
        "@types/node": {
          "optional": true
        }
      }
    },
    "node_modules/@inquirer/expand": {
      "version": "5.1.1",
      "resolved": "https://registry.npmjs.org/@inquirer/expand/-/expand-5.1.1.tgz",
      "integrity": "sha512-YmQpenjbFSHAK3sOd44puHh3V1KXXr+JiNpUztoSQ4drLh2rTVzTap/YtlAVu/5xavifIlBfNEzJ/neZJ1a/1g==",
      "license": "MIT",
      "dependencies": {
        "@inquirer/core": "^11.2.1",
        "@inquirer/type": "^4.0.7"
      },
      "engines": {
        "node": ">=23.5.0 || ^22.13.0 || ^20.17.0"
      },
      "peerDependencies": {
        "@types/node": ">=18"
      },
      "peerDependenciesMeta": {
        "@types/node": {
          "optional": true
        }
      }
    },
    "node_modules/@inquirer/external-editor": {
      "version": "3.0.3",
      "resolved": "https://registry.npmjs.org/@inquirer/external-editor/-/external-editor-3.0.3.tgz",
      "integrity": "sha512-6thf5I8q7lZwzGLAxPaaGEREEkZ3nyePPDQ1oyobblxmEE8mqTLguScP7pDjUTAibiyb4hfXl+qjUEJ+di/aNA==",
      "license": "MIT",
      "dependencies": {
        "chardet": "^2.1.1",
        "iconv-lite": "^0.7.2"
      },
      "engines": {
        "node": ">=23.5.0 || ^22.13.0 || ^20.17.0"
      },
      "peerDependencies": {
        "@types/node": ">=18"
      },
      "peerDependenciesMeta": {
        "@types/node": {
          "optional": true
        }
      }
    },
    "node_modules/@inquirer/figures": {
      "version": "2.0.7",
      "resolved": "https://registry.npmjs.org/@inquirer/figures/-/figures-2.0.7.tgz",
      "integrity": "sha512-aJ8TBPOGB6f/2qziPfElISTCEd5XOYTFckA2SGjhNmiKzfK/u4ot3v0DUzGVdUnKjN10EqnnEPck36BkyfLnJw==",
      "license": "MIT",
      "engines": {
        "node": ">=23.5.0 || ^22.13.0 || ^20.17.0"
      }
    },
    "node_modules/@inquirer/input": {
      "version": "5.1.2",
      "resolved": "https://registry.npmjs.org/@inquirer/input/-/input-5.1.2.tgz",
      "integrity": "sha512-9K/DDBSQpOyZSkt6sOVP9Vo0TR7atX2kuILsUu0x3wVcVbe97lJwIJKMLdMw25tDYuXl/qp6erT0Xs1rfmcfZg==",
      "license": "MIT",
      "dependencies": {
        "@inquirer/core": "^11.2.1",
        "@inquirer/type": "^4.0.7"
      },
      "engines": {
        "node": ">=23.5.0 || ^22.13.0 || ^20.17.0"
      },
      "peerDependencies": {
        "@types/node": ">=18"
      },
      "peerDependenciesMeta": {
        "@types/node": {
          "optional": true
        }
      }
    },
    "node_modules/@inquirer/number": {
      "version": "4.1.1",
      "resolved": "https://registry.npmjs.org/@inquirer/number/-/number-4.1.1.tgz",
      "integrity": "sha512-XF4IXAbPnGPgw0wsbC/i2tPcyfdZgDpUlhsqU0SfT4IRIGWha6Xm9VRgN5yYxJq+jnyXlfXI/nQ3ulfk0iEICA==",
      "license": "MIT",
      "dependencies": {
        "@inquirer/core": "^11.2.1",
        "@inquirer/type": "^4.0.7"
      },
      "engines": {
        "node": ">=23.5.0 || ^22.13.0 || ^20.17.0"
      },
      "peerDependencies": {
        "@types/node": ">=18"
      },
      "peerDependenciesMeta": {
        "@types/node": {
          "optional": true
        }
      }
    },
    "node_modules/@inquirer/password": {
      "version": "5.1.1",
      "resolved": "https://registry.npmjs.org/@inquirer/password/-/password-5.1.1.tgz",
      "integrity": "sha512-3XBfF7DAsp5qeDsvN5Rd1HmbNokVvEQoUM0QLrRcybC9nX96w3Pbmu7qUsb3IT3J3jBvs2+mTXaKHOUsgHMLzg==",
      "license": "MIT",
      "dependencies": {
        "@inquirer/ansi": "^2.0.7",
        "@inquirer/core": "^11.2.1",
        "@inquirer/type": "^4.0.7"
      },
      "engines": {
        "node": ">=23.5.0 || ^22.13.0 || ^20.17.0"
      },
      "peerDependencies": {
        "@types/node": ">=18"
      },
      "peerDependenciesMeta": {
        "@types/node": {
          "optional": true
        }
      }
    },
    "node_modules/@inquirer/prompts": {
      "version": "8.5.2",
      "resolved": "https://registry.npmjs.org/@inquirer/prompts/-/prompts-8.5.2.tgz",
      "integrity": "sha512-IYR/3C/paEVVQYQvdDlFZVjRCJVYHHON0XXMH91KO9GSxs0TdKYWlUdvfQl2EfAHDxUaN3IBffkE/BDTh5nJ6g==",
      "license": "MIT",
      "dependencies": {
        "@inquirer/checkbox": "^5.2.1",
        "@inquirer/confirm": "^6.1.1",
        "@inquirer/editor": "^5.2.2",
        "@inquirer/expand": "^5.1.1",
        "@inquirer/input": "^5.1.2",
        "@inquirer/number": "^4.1.1",
        "@inquirer/password": "^5.1.1",
        "@inquirer/rawlist": "^5.3.1",
        "@inquirer/search": "^4.2.1",
        "@inquirer/select": "^5.2.1"
      },
      "engines": {
        "node": ">=23.5.0 || ^22.13.0 || ^20.17.0"
      },
      "peerDependencies": {
        "@types/node": ">=18"
      },
      "peerDependenciesMeta": {
        "@types/node": {
          "optional": true
        }
      }
    },
    "node_modules/@inquirer/rawlist": {
      "version": "5.3.1",
      "resolved": "https://registry.npmjs.org/@inquirer/rawlist/-/rawlist-5.3.1.tgz",
      "integrity": "sha512-QqdTqQddL3qPX/PPrjobpsO25NZ4dWXgTLenrR445L2ptLEYE6Z+PD5c5CNDJNx4ugRgELAIpSIJxZaO2jJ2Og==",
      "license": "MIT",
      "dependencies": {
        "@inquirer/core": "^11.2.1",
        "@inquirer/type": "^4.0.7"
      },
      "engines": {
        "node": ">=23.5.0 || ^22.13.0 || ^20.17.0"
      },
      "peerDependencies": {
        "@types/node": ">=18"
      },
      "peerDependenciesMeta": {
        "@types/node": {
          "optional": true
        }
      }
    },
    "node_modules/@inquirer/search": {
      "version": "4.2.1",
      "resolved": "https://registry.npmjs.org/@inquirer/search/-/search-4.2.1.tgz",
      "integrity": "sha512-xJj8QWKRSrfKoBIITLZK61dD3zwo0Rz11fgDImku30/Oe81zMdIdGgrLY2h6RkJ+KZ/GhNYIRMKnH/62qBTA5g==",
      "license": "MIT",
      "dependencies": {
        "@inquirer/core": "^11.2.1",
        "@inquirer/figures": "^2.0.7",
        "@inquirer/type": "^4.0.7"
      },
      "engines": {
        "node": ">=23.5.0 || ^22.13.0 || ^20.17.0"
      },
      "peerDependencies": {
        "@types/node": ">=18"
      },
      "peerDependenciesMeta": {
        "@types/node": {
          "optional": true
        }
      }
    },
    "node_modules/@inquirer/select": {
      "version": "5.2.1",
      "resolved": "https://registry.npmjs.org/@inquirer/select/-/select-5.2.1.tgz",
      "integrity": "sha512-FlDndEUww8m7BfukO2nJa25vhD+H5jxxCv4oGioKqzyWz3nPHhhw4LKdYRSlXuAx7DsdWia7iyaBPKKS95Evfw==",
      "license": "MIT",
      "dependencies": {
        "@inquirer/ansi": "^2.0.7",
        "@inquirer/core": "^11.2.1",
        "@inquirer/figures": "^2.0.7",
        "@inquirer/type": "^4.0.7"
      },
      "engines": {
        "node": ">=23.5.0 || ^22.13.0 || ^20.17.0"
      },
      "peerDependencies": {
        "@types/node": ">=18"
      },
      "peerDependenciesMeta": {
        "@types/node": {
          "optional": true
        }
      }
    },
    "node_modules/@inquirer/type": {
      "version": "4.0.7",
      "resolved": "https://registry.npmjs.org/@inquirer/type/-/type-4.0.7.tgz",
      "integrity": "sha512-t28inv14nMQ1PhKpsJPY+kEs/c00qzeCOS2gTNRyTjG5d6qsVA2fItxW4hkvGZ5lvanGLdtCzVIx5dwdRpN1+g==",
      "license": "MIT",
      "engines": {
        "node": ">=23.5.0 || ^22.13.0 || ^20.17.0"
      },
      "peerDependencies": {
        "@types/node": ">=18"
      },
      "peerDependenciesMeta": {
        "@types/node": {
          "optional": true
        }
      }
    },
    "node_modules/@types/node": {
      "version": "26.1.1",
      "resolved": "https://registry.npmjs.org/@types/node/-/node-26.1.1.tgz",
      "integrity": "sha512-nxAkRSVkN1Y0JC1W8ky/fTfkGsMmcrRsbx+3XoZE+rMOX71kLYTV7fLXpqud1GpbpP5TuffXFqfX7fH2GgZREw==",
      "devOptional": true,
      "license": "MIT",
      "dependencies": {
        "undici-types": "~8.3.0"
      }
    },
    "node_modules/ajv": {
      "version": "8.20.0",
      "resolved": "https://registry.npmjs.org/ajv/-/ajv-8.20.0.tgz",
      "integrity": "sha512-Thbli+OlOj+iMPYFBVBfJ3OmCAnaSyNn4M1vz9T6Gka5Jt9ba/HIR56joy65tY6kx/FCF5VXNB819Y7/GUrBGA==",
      "dev": true,
      "license": "MIT",
      "dependencies": {
        "fast-deep-equal": "^3.1.3",
        "fast-uri": "^3.0.1",
        "json-schema-traverse": "^1.0.0",
        "require-from-string": "^2.0.2"
      },
      "funding": {
        "type": "github",
        "url": "https://github.com/sponsors/epoberezkin"
      }
    },
    "node_modules/ajv-formats": {
      "version": "3.0.1",
      "resolved": "https://registry.npmjs.org/ajv-formats/-/ajv-formats-3.0.1.tgz",
      "integrity": "sha512-8iUql50EUR+uUcdRQ3HDqa6EVyo3docL8g5WJ3FNcWmu62IbkGUue/pEyLBW8VGKKucTPgqeks4fIU1DA4yowQ==",
      "dev": true,
      "license": "MIT",
      "dependencies": {
        "ajv": "^8.0.0"
      },
      "peerDependencies": {
        "ajv": "^8.0.0"
      },
      "peerDependenciesMeta": {
        "ajv": {
          "optional": true
        }
      }
    },
    "node_modules/argparse": {
      "version": "2.0.1",
      "resolved": "https://registry.npmjs.org/argparse/-/argparse-2.0.1.tgz",
      "integrity": "sha512-8+9WqebbFzpX9OR+Wa6O29asIogeRMzcGtAINdpMHHyAg10f05aSFVBbcEqGf/PXw1EjAZ+q2/bEBg3DvurK3Q==",
      "dev": true,
      "license": "Python-2.0"
    },
    "node_modules/chalk": {
      "version": "5.6.2",
      "resolved": "https://registry.npmjs.org/chalk/-/chalk-5.6.2.tgz",
      "integrity": "sha512-7NzBL0rN6fMUW+f7A6Io4h40qQlG+xGmtMxfbnH/K7TAtt8JQWVQK+6g0UXKMeVJoyV5EkkNsErQ8pVD3bLHbA==",
      "license": "MIT",
      "engines": {
        "node": "^12.17.0 || ^14.13 || >=16.0.0"
      },
      "funding": {
        "url": "https://github.com/chalk/chalk?sponsor=1"
      }
    },
    "node_modules/chardet": {
      "version": "2.2.0",
      "resolved": "https://registry.npmjs.org/chardet/-/chardet-2.2.0.tgz",
      "integrity": "sha512-rddelWYNPRrXq6PtNEN2S3f6t9ILzvqaN5pVgi4kqt9jHQaXIial9PznB5iSPVlQSLNaaH22ItWz3EJtQ10+OA==",
      "license": "MIT"
    },
    "node_modules/cli-width": {
      "version": "4.1.0",
      "resolved": "https://registry.npmjs.org/cli-width/-/cli-width-4.1.0.tgz",
      "integrity": "sha512-ouuZd4/dm2Sw5Gmqy6bGyNNNe1qt9RpmxveLSO7KcgsTnU7RXfsw+/bukWGo1abgBiMAic068rclZsO4IWmmxQ==",
      "license": "ISC",
      "engines": {
        "node": ">= 12"
      }
    },
    "node_modules/commander": {
      "version": "15.0.0",
      "resolved": "https://registry.npmjs.org/commander/-/commander-15.0.0.tgz",
      "integrity": "sha512-z67u4ZhzCL/Tydu1lJARtEZYWbWaN7oYLHbsuzocr6y4N6WZAagG3RQ4FW61V1/0+jImpj293XfrcYnd1qxtPg==",
      "license": "MIT",
      "engines": {
        "node": ">=22.12.0"
      }
    },
    "node_modules/fast-deep-equal": {
      "version": "3.1.3",
      "resolved": "https://registry.npmjs.org/fast-deep-equal/-/fast-deep-equal-3.1.3.tgz",
      "integrity": "sha512-f3qQ9oQy9j2AhBe/H9VC91wLmKBCCU/gDOnKNAYG5hswO7BLKj09Hc5HYNz9cGI++xlpDCIgDaitVs03ATR84Q==",
      "dev": true,
      "license": "MIT"
    },
    "node_modules/fast-string-truncated-width": {
      "version": "3.0.3",
      "resolved": "https://registry.npmjs.org/fast-string-truncated-width/-/fast-string-truncated-width-3.0.3.tgz",
      "integrity": "sha512-0jjjIEL6+0jag3l2XWWizO64/aZVtpiGE3t0Zgqxv0DPuxiMjvB3M24fCyhZUO4KomJQPj3LTSUnDP3GpdwC0g==",
      "license": "MIT"
    },
    "node_modules/fast-string-width": {
      "version": "3.0.2",
      "resolved": "https://registry.npmjs.org/fast-string-width/-/fast-string-width-3.0.2.tgz",
      "integrity": "sha512-gX8LrtNEI5hq8DVUfRQMbr5lpaS4nMIWV+7XEbXk2b8kiQIizgnlr12B4dA3ZEx3308ze0O4Q1R+cHts8kyUJg==",
      "license": "MIT",
      "dependencies": {
        "fast-string-truncated-width": "^3.0.2"
      }
    },
    "node_modules/fast-uri": {
      "version": "3.1.3",
      "resolved": "https://registry.npmjs.org/fast-uri/-/fast-uri-3.1.3.tgz",
      "integrity": "sha512-i70LwGWUduXqzicKXWshooq+sWL1K3WUU5rKZNG/0i3a1OSoX3HqhH5WbWwTmqWfor4urUakGPiRQcleRZTwOg==",
      "dev": true,
      "funding": [
        {
          "type": "github",
          "url": "https://github.com/sponsors/fastify"
        },
        {
          "type": "opencollective",
          "url": "https://opencollective.com/fastify"
        }
      ],
      "license": "BSD-3-Clause"
    },
    "node_modules/fast-wrap-ansi": {
      "version": "0.2.2",
      "resolved": "https://registry.npmjs.org/fast-wrap-ansi/-/fast-wrap-ansi-0.2.2.tgz",
      "integrity": "sha512-7F2Fl+TjRSenLqlU3UjSH0iyqopqoZIu7eZVpEirP2g1GtWa2G/ecEmBdgz31+Mxr+ELclgg6sokpSFIQiZ02Q==",
      "license": "MIT",
      "dependencies": {
        "fast-string-width": "^3.0.2"
      }
    },
    "node_modules/iconv-lite": {
      "version": "0.7.3",
      "resolved": "https://registry.npmjs.org/iconv-lite/-/iconv-lite-0.7.3.tgz",
      "integrity": "sha512-IKXpvIzjnC9XTAUbVBcMfGS0EPaIXtW6v+zr+RRp+hqULEpo0owZax6wyRwPOJbWbzjYspQwusTsfVr0ifh4uQ==",
      "license": "MIT",
      "dependencies": {
        "safer-buffer": ">= 2.1.2 < 3.0.0"
      },
      "engines": {
        "node": ">=0.10.0"
      },
      "funding": {
        "type": "opencollective",
        "url": "https://opencollective.com/express"
      }
    },
    "node_modules/js-yaml": {
      "version": "5.2.1",
      "resolved": "https://registry.npmjs.org/js-yaml/-/js-yaml-5.2.1.tgz",
      "integrity": "sha512-zfLtNfQqxVqq3uaTqSkh4x4hZw3KHobGUA0fJUj4wawW8bsQLTVqpHdXSIzidh7o+4lEW36tANuAGdaFx6Zgnw==",
      "dev": true,
      "funding": [
        {
          "type": "github",
          "url": "https://github.com/sponsors/puzrin"
        },
        {
          "type": "github",
          "url": "https://github.com/sponsors/nodeca"
        }
      ],
      "license": "MIT",
      "dependencies": {
        "argparse": "^2.0.1"
      },
      "bin": {
        "js-yaml": "bin/js-yaml.mjs"
      }
    },
    "node_modules/json-schema-traverse": {
      "version": "1.0.0",
      "resolved": "https://registry.npmjs.org/json-schema-traverse/-/json-schema-traverse-1.0.0.tgz",
      "integrity": "sha512-NM8/P9n3XjXhIZn1lLhkFaACTOURQXjWhV4BA/RnOv8xvgqtqpAX9IO4mRQxSx1Rlo4tqzeqb0sOlruaOy3dug==",
      "dev": true,
      "license": "MIT"
    },
    "node_modules/mute-stream": {
      "version": "3.0.0",
      "resolved": "https://registry.npmjs.org/mute-stream/-/mute-stream-3.0.0.tgz",
      "integrity": "sha512-dkEJPVvun4FryqBmZ5KhDo0K9iDXAwn08tMLDinNdRBNPcYEDiWYysLcc6k3mjTMlbP9KyylvRpd4wFtwrT9rw==",
      "license": "ISC",
      "engines": {
        "node": "^20.17.0 || >=22.9.0"
      }
    },
    "node_modules/require-from-string": {
      "version": "2.0.2",
      "resolved": "https://registry.npmjs.org/require-from-string/-/require-from-string-2.0.2.tgz",
      "integrity": "sha512-Xf0nWe6RseziFMu+Ap9biiUbmplq6S9/p+7w7YXP/JBHhrUDDUhwa+vANyubuqfZWTveU//DYVGsDG7RKL/vEw==",
      "dev": true,
      "license": "MIT",
      "engines": {
        "node": ">=0.10.0"
      }
    },
    "node_modules/safer-buffer": {
      "version": "2.1.2",
      "resolved": "https://registry.npmjs.org/safer-buffer/-/safer-buffer-2.1.2.tgz",
      "integrity": "sha512-YZo3K82SD7Riyi0E1EQPojLz7kpepnSQI9IyPbHHg1XXXevb5dJI7tpyN2ADxGcQbHG7vcyRHk0cbwqcQriUtg==",
      "license": "MIT"
    },
    "node_modules/signal-exit": {
      "version": "4.1.0",
      "resolved": "https://registry.npmjs.org/signal-exit/-/signal-exit-4.1.0.tgz",
      "integrity": "sha512-bzyZ1e88w9O1iNJbKnOlvYTrWPDl46O1bG0D3XInv+9tkPrxrN8jUUTiFlDkkmKWgn1M6CfIA13SuGqOa9Korw==",
      "license": "ISC",
      "engines": {
        "node": ">=14"
      },
      "funding": {
        "url": "https://github.com/sponsors/isaacs"
      }
    },
    "node_modules/typescript": {
      "version": "5.9.3",
      "resolved": "https://registry.npmjs.org/typescript/-/typescript-5.9.3.tgz",
      "integrity": "sha512-jl1vZzPDinLr9eUt3J/t7V6FgNEw9QjvBPdysz9KfQDD41fQrC2Y4vKQdiaUpFT4bXlb1RHhLpp8wtm6M5TgSw==",
      "dev": true,
      "license": "Apache-2.0",
      "bin": {
        "tsc": "bin/tsc",
        "tsserver": "bin/tsserver"
      },
      "engines": {
        "node": ">=14.17"
      }
    },
    "node_modules/undici-types": {
      "version": "8.3.0",
      "resolved": "https://registry.npmjs.org/undici-types/-/undici-types-8.3.0.tgz",
      "integrity": "sha512-j375ScV60dom+YkPFIfTLcOiPxkN/buHz5GobjLhixFuANaNs3C9l4GmrWqejgXWJ7BbJcFYpTEUkS1Ge8bpZQ==",
      "devOptional": true,
      "license": "MIT"
    }
  }
}
